
Microsoft Visual Studio Solution File, Format Version 12.00
# Visual Studio 15
VisualStudioVersion = 15.0.28307.779
MinimumVisualStudioVersion = 10.0.40219.1
Project("{FAE04EC0-301F-11D3-BF4B-00C04F79EFBC}") = "MES_HWD", "MES_HWD\MES_HWD.csproj", "{C7C466BC-B979-49E4-88A3-9ADA9863407E}"
EndProject
Project("{FAE04EC0-301F-11D3-BF4B-00C04F79EFBC}") = "MESDataObject", "MESDataObject\MESDataObject.csproj", "{AF4761E2-01C9-4D1B-A3BC-4BD7D37BB365}"
EndProject
Project("{FAE04EC0-301F-11D3-BF4B-00C04F79EFBC}") = "MESDBHelper", "MESDBHelper\MESDBHelper.csproj", "{C8BDB8FC-44F6-4109-A779-34EE99903270}"
EndProject
Project("{FAE04EC0-301F-11D3-BF4B-00C04F79EFBC}") = "MESHelper", "MESHelper\MESHelper.csproj", "{3DF5C20B-988E-4382-9C70-B24FF4075B7E}"
EndProject
Project("{FAE04EC0-301F-11D3-BF4B-00C04F79EFBC}") = "MESHelper.Plugin", "MESHelper.Plugin.Printer_Excel\MESHelper.Plugin.csproj", "{F4E0EB6C-9525-4907-9DD1-A95016D234C8}"
EndProject
Project("{FAE04EC0-301F-11D3-BF4B-00C04F79EFBC}") = "MESInterface", "MESInterface\MESInterface.csproj", "{0CEA7060-0186-4C17-9CB0-B1EFD306CFBA}"
EndProject
Project("{FAE04EC0-301F-11D3-BF4B-00C04F79EFBC}") = "MESReport", "MESReport\MESReport.csproj", "{33E293D4-9EFE-4FAC-AA57-865C74845C4F}"
EndProject
Project("{FAE04EC0-301F-11D3-BF4B-00C04F79EFBC}") = "MESStation", "MESStation\MESStation.csproj", "{CD0DDE64-8CC7-4453-99B1-CA7558442AF7}"
EndProject
Project("{FAE04EC0-301F-11D3-BF4B-00C04F79EFBC}") = "MESWebService", "MESWebService\MESWebService.csproj", "{4D94968B-C7CF-497F-A79E-32ACA918A68B}"
EndProject
Project("{FAE04EC0-301F-11D3-BF4B-00C04F79EFBC}") = "WebServer", "WebServer\WebServer.csproj", "{E79C6FFF-56DC-4610-B72F-5B0ED232F4C5}"
EndProject
Project("{FAE04EC0-301F-11D3-BF4B-00C04F79EFBC}") = "WebServer-Console", "WebServer-Console\WebServer-Console.csproj", "{DC8E3D76-4646-4DE3-BB29-6E8DF4425AA8}"
EndProject
Project("{FAE04EC0-301F-11D3-BF4B-00C04F79EFBC}") = "WebSocket-Sharp", "websocket-sharp\WebSocket-Sharp.csproj", "{B357BAC7-529E-4D81-A0D2-71041B19C8DE}"
EndProject
Project("{E24C65DC-7377-472B-9ABA-BC803B73C61A}") = "WebClient", "WebClient\", "{3B0615DA-2D7F-46DA-AEA4-822669592A3B}"
	ProjectSection(WebsiteProperties) = preProject
		SccProjectName = ""
		SccAuxPath = ""
		SccLocalPath = ""
		SccProvider = ""
		TargetFrameworkMoniker = ".NETFramework,Version%3Dv4.5.2"
		Debug.AspNetCompiler.VirtualPath = "/localhost_51105"
		Debug.AspNetCompiler.PhysicalPath = "WebClient\"
		Debug.AspNetCompiler.TargetPath = "PrecompiledWeb\localhost_51105\"
		Debug.AspNetCompiler.Updateable = "true"
		Debug.AspNetCompiler.ForceOverwrite = "true"
		Debug.AspNetCompiler.FixedNames = "false"
		Debug.AspNetCompiler.Debug = "True"
		Release.AspNetCompiler.VirtualPath = "/localhost_51105"
		Release.AspNetCompiler.PhysicalPath = "WebClient\"
		Release.AspNetCompiler.TargetPath = "PrecompiledWeb\localhost_51105\"
		Release.AspNetCompiler.Updateable = "true"
		Release.AspNetCompiler.ForceOverwrite = "true"
		Release.AspNetCompiler.FixedNames = "false"
		Release.AspNetCompiler.Debug = "False"
		VWDPort = "51105"
		SlnRelativePath = "WebClient\"
	EndProjectSection
EndProject
Project("{FAE04EC0-301F-11D3-BF4B-00C04F79EFBC}") = "MESPubLab", "MESPubLab\MESPubLab.csproj", "{FA7C2F99-A446-47D3-9344-FAA3FA8CC40C}"
EndProject
Project("{FAE04EC0-301F-11D3-BF4B-00C04F79EFBC}") = "MesReportCenter", "MesReportCenter\MesReportCenter.csproj", "{E02B20B2-898A-42E1-A7D2-BF9C19687F85}"
EndProject
Project("{E24C65DC-7377-472B-9ABA-BC803B73C61A}") = "WebReportCenter", "WebReportCenter\", "{2141F6E3-13D5-4981-9BE4-D50EE1988E25}"
	ProjectSection(WebsiteProperties) = preProject
		TargetFrameworkMoniker = ".NETFramework,Version%3Dv4.5.2"
		Debug.AspNetCompiler.VirtualPath = "/localhost_56681"
		Debug.AspNetCompiler.PhysicalPath = "WebReportCenter\"
		Debug.AspNetCompiler.TargetPath = "PrecompiledWeb\localhost_56681\"
		Debug.AspNetCompiler.Updateable = "true"
		Debug.AspNetCompiler.ForceOverwrite = "true"
		Debug.AspNetCompiler.FixedNames = "false"
		Debug.AspNetCompiler.Debug = "True"
		Release.AspNetCompiler.VirtualPath = "/localhost_56681"
		Release.AspNetCompiler.PhysicalPath = "WebReportCenter\"
		Release.AspNetCompiler.TargetPath = "PrecompiledWeb\localhost_56681\"
		Release.AspNetCompiler.Updateable = "true"
		Release.AspNetCompiler.ForceOverwrite = "true"
		Release.AspNetCompiler.FixedNames = "false"
		Release.AspNetCompiler.Debug = "False"
		VWDPort = "56681"
		SlnRelativePath = "WebReportCenter\"
	EndProjectSection
EndProject
Project("{FAE04EC0-301F-11D3-BF4B-00C04F79EFBC}") = "MESJuniper", "MESJuniper\MESJuniper.csproj", "{ED432AE3-877A-4791-BC9B-D709E635138E}"
EndProject
Project("{FAE04EC0-301F-11D3-BF4B-00C04F79EFBC}") = "MESCMCHost", "MESCMCHost\MESCMCHost.csproj", "{E258808C-C21A-464B-BED5-E6E1F3617869}"
EndProject
Project("{FAE04EC0-301F-11D3-BF4B-00C04F79EFBC}") = "MESTMNHost", "MESTMNHost\MESTMNHost.csproj", "{C045FF8E-4D9C-4490-8BCD-D185A76FFD82}"
EndProject
Project("{FAE04EC0-301F-11D3-BF4B-00C04F79EFBC}") = "WebServer.SocketService", "WebServer.SocketService\WebServer.SocketService.csproj", "{9510668D-631E-4C0F-BDF2-062F550E2C5A}"
EndProject
Project("{FAE04EC0-301F-11D3-BF4B-00C04F79EFBC}") = "MESException", "MESException\MESException.csproj", "{16B93420-25BF-4F7C-AE9B-39A902382E3F}"
EndProject
Project("{2150E333-8FDC-42A3-9474-1A3956D46DE8}") = "外部接口", "外部接口", "{BD8467B5-F571-43A1-8A57-EE2E515F20EA}"
EndProject
Project("{FAE04EC0-301F-11D3-BF4B-00C04F79EFBC}") = "MESNCO", "MESNCO\MESNCO.csproj", "{A68F2FA6-5C8C-4235-86C4-F7C056810470}"
EndProject
Project("{FAE04EC0-301F-11D3-BF4B-00C04F79EFBC}") = "MESNCO_TEST", "MESNCO_TEST\MESNCO_TEST.csproj", "{84C014FD-4AC8-486B-A6E7-19F6236426F4}"
EndProject
Project("{FAE04EC0-301F-11D3-BF4B-00C04F79EFBC}") = "MESWebAPI", "MESWebAPI\MESWebAPI.csproj", "{6E8AC1E6-CCC6-4554-888C-A9FC96A99470}"
	ProjectSection(ProjectDependencies) = postProject
		{FA7C2F99-A446-47D3-9344-FAA3FA8CC40C} = {FA7C2F99-A446-47D3-9344-FAA3FA8CC40C}
	EndProjectSection
EndProject
Project("{FAE04EC0-301F-11D3-BF4B-00C04F79EFBC}") = "MESUPHost", "MESUPHost\MESUPHost.csproj", "{0CE204B1-F6BB-4D89-A028-E40764A5177A}"
EndProject
Project("{FAE04EC0-301F-11D3-BF4B-00C04F79EFBC}") = "MESMailCenter", "MESMailCenter\MESMailCenter.csproj", "{AF894A14-4C1F-4409-86D7-90D0050D185A}"
EndProject
Project("{FAE04EC0-301F-11D3-BF4B-00C04F79EFBC}") = "DcnSfcModel", "DcnSfcModel\DcnSfcModel.csproj", "{C833110E-4824-452C-97FE-26BB11C65239}"
EndProject
Project("{FAE04EC0-301F-11D3-BF4B-00C04F79EFBC}") = "MES_DCN", "MES_DCN\MES_DCN.csproj", "{0FDDACAD-1187-4AFC-A63C-58DB038986FE}"
EndProject
Global
	GlobalSection(SolutionConfigurationPlatforms) = preSolution
		Debug|Any CPU = Debug|Any CPU
		Debug|ARM = Debug|ARM
		Debug|ARM64 = Debug|ARM64
		Debug|x64 = Debug|x64
		Debug|x86 = Debug|x86
		Release|Any CPU = Release|Any CPU
		Release|ARM = Release|ARM
		Release|ARM64 = Release|ARM64
		Release|x64 = Release|x64
		Release|x86 = Release|x86
	EndGlobalSection
	GlobalSection(ProjectConfigurationPlatforms) = postSolution
		{C7C466BC-B979-49E4-88A3-9ADA9863407E}.Debug|Any CPU.ActiveCfg = Debug|Any CPU
		{C7C466BC-B979-49E4-88A3-9ADA9863407E}.Debug|Any CPU.Build.0 = Debug|Any CPU
		{C7C466BC-B979-49E4-88A3-9ADA9863407E}.Debug|ARM.ActiveCfg = Debug|Any CPU
		{C7C466BC-B979-49E4-88A3-9ADA9863407E}.Debug|ARM.Build.0 = Debug|Any CPU
		{C7C466BC-B979-49E4-88A3-9ADA9863407E}.Debug|ARM64.ActiveCfg = Debug|Any CPU
		{C7C466BC-B979-49E4-88A3-9ADA9863407E}.Debug|ARM64.Build.0 = Debug|Any CPU
		{C7C466BC-B979-49E4-88A3-9ADA9863407E}.Debug|x64.ActiveCfg = Debug|Any CPU
		{C7C466BC-B979-49E4-88A3-9ADA9863407E}.Debug|x64.Build.0 = Debug|Any CPU
		{C7C466BC-B979-49E4-88A3-9ADA9863407E}.Debug|x86.ActiveCfg = Debug|Any CPU
		{C7C466BC-B979-49E4-88A3-9ADA9863407E}.Debug|x86.Build.0 = Debug|Any CPU
		{C7C466BC-B979-49E4-88A3-9ADA9863407E}.Release|Any CPU.ActiveCfg = Debug|Any CPU
		{C7C466BC-B979-49E4-88A3-9ADA9863407E}.Release|Any CPU.Build.0 = Debug|Any CPU
		{C7C466BC-B979-49E4-88A3-9ADA9863407E}.Release|ARM.ActiveCfg = Release|Any CPU
		{C7C466BC-B979-49E4-88A3-9ADA9863407E}.Release|ARM.Build.0 = Release|Any CPU
		{C7C466BC-B979-49E4-88A3-9ADA9863407E}.Release|ARM64.ActiveCfg = Release|Any CPU
		{C7C466BC-B979-49E4-88A3-9ADA9863407E}.Release|ARM64.Build.0 = Release|Any CPU
		{C7C466BC-B979-49E4-88A3-9ADA9863407E}.Release|x64.ActiveCfg = Release|Any CPU
		{C7C466BC-B979-49E4-88A3-9ADA9863407E}.Release|x64.Build.0 = Release|Any CPU
		{C7C466BC-B979-49E4-88A3-9ADA9863407E}.Release|x86.ActiveCfg = Release|Any CPU
		{C7C466BC-B979-49E4-88A3-9ADA9863407E}.Release|x86.Build.0 = Release|Any CPU
		{AF4761E2-01C9-4D1B-A3BC-4BD7D37BB365}.Debug|Any CPU.ActiveCfg = Debug|Any CPU
		{AF4761E2-01C9-4D1B-A3BC-4BD7D37BB365}.Debug|Any CPU.Build.0 = Debug|Any CPU
		{AF4761E2-01C9-4D1B-A3BC-4BD7D37BB365}.Debug|ARM.ActiveCfg = Debug|Any CPU
		{AF4761E2-01C9-4D1B-A3BC-4BD7D37BB365}.Debug|ARM.Build.0 = Debug|Any CPU
		{AF4761E2-01C9-4D1B-A3BC-4BD7D37BB365}.Debug|ARM64.ActiveCfg = Debug|Any CPU
		{AF4761E2-01C9-4D1B-A3BC-4BD7D37BB365}.Debug|ARM64.Build.0 = Debug|Any CPU
		{AF4761E2-01C9-4D1B-A3BC-4BD7D37BB365}.Debug|x64.ActiveCfg = Debug|Any CPU
		{AF4761E2-01C9-4D1B-A3BC-4BD7D37BB365}.Debug|x64.Build.0 = Debug|Any CPU
		{AF4761E2-01C9-4D1B-A3BC-4BD7D37BB365}.Debug|x86.ActiveCfg = Debug|Any CPU
		{AF4761E2-01C9-4D1B-A3BC-4BD7D37BB365}.Debug|x86.Build.0 = Debug|Any CPU
		{AF4761E2-01C9-4D1B-A3BC-4BD7D37BB365}.Release|Any CPU.ActiveCfg = Debug|Any CPU
		{AF4761E2-01C9-4D1B-A3BC-4BD7D37BB365}.Release|Any CPU.Build.0 = Debug|Any CPU
		{AF4761E2-01C9-4D1B-A3BC-4BD7D37BB365}.Release|ARM.ActiveCfg = Release|Any CPU
		{AF4761E2-01C9-4D1B-A3BC-4BD7D37BB365}.Release|ARM.Build.0 = Release|Any CPU
		{AF4761E2-01C9-4D1B-A3BC-4BD7D37BB365}.Release|ARM64.ActiveCfg = Release|Any CPU
		{AF4761E2-01C9-4D1B-A3BC-4BD7D37BB365}.Release|ARM64.Build.0 = Release|Any CPU
		{AF4761E2-01C9-4D1B-A3BC-4BD7D37BB365}.Release|x64.ActiveCfg = Release|Any CPU
		{AF4761E2-01C9-4D1B-A3BC-4BD7D37BB365}.Release|x64.Build.0 = Release|Any CPU
		{AF4761E2-01C9-4D1B-A3BC-4BD7D37BB365}.Release|x86.ActiveCfg = Release|Any CPU
		{AF4761E2-01C9-4D1B-A3BC-4BD7D37BB365}.Release|x86.Build.0 = Release|Any CPU
		{C8BDB8FC-44F6-4109-A779-34EE99903270}.Debug|Any CPU.ActiveCfg = Debug|Any CPU
		{C8BDB8FC-44F6-4109-A779-34EE99903270}.Debug|Any CPU.Build.0 = Debug|Any CPU
		{C8BDB8FC-44F6-4109-A779-34EE99903270}.Debug|ARM.ActiveCfg = Debug|Any CPU
		{C8BDB8FC-44F6-4109-A779-34EE99903270}.Debug|ARM.Build.0 = Debug|Any CPU
		{C8BDB8FC-44F6-4109-A779-34EE99903270}.Debug|ARM64.ActiveCfg = Debug|Any CPU
		{C8BDB8FC-44F6-4109-A779-34EE99903270}.Debug|ARM64.Build.0 = Debug|Any CPU
		{C8BDB8FC-44F6-4109-A779-34EE99903270}.Debug|x64.ActiveCfg = Debug|Any CPU
		{C8BDB8FC-44F6-4109-A779-34EE99903270}.Debug|x64.Build.0 = Debug|Any CPU
		{C8BDB8FC-44F6-4109-A779-34EE99903270}.Debug|x86.ActiveCfg = Debug|Any CPU
		{C8BDB8FC-44F6-4109-A779-34EE99903270}.Debug|x86.Build.0 = Debug|Any CPU
		{C8BDB8FC-44F6-4109-A779-34EE99903270}.Release|Any CPU.ActiveCfg = Debug|Any CPU
		{C8BDB8FC-44F6-4109-A779-34EE99903270}.Release|Any CPU.Build.0 = Debug|Any CPU
		{C8BDB8FC-44F6-4109-A779-34EE99903270}.Release|ARM.ActiveCfg = Release|Any CPU
		{C8BDB8FC-44F6-4109-A779-34EE99903270}.Release|ARM.Build.0 = Release|Any CPU
		{C8BDB8FC-44F6-4109-A779-34EE99903270}.Release|ARM64.ActiveCfg = Release|Any CPU
		{C8BDB8FC-44F6-4109-A779-34EE99903270}.Release|ARM64.Build.0 = Release|Any CPU
		{C8BDB8FC-44F6-4109-A779-34EE99903270}.Release|x64.ActiveCfg = Release|Any CPU
		{C8BDB8FC-44F6-4109-A779-34EE99903270}.Release|x64.Build.0 = Release|Any CPU
		{C8BDB8FC-44F6-4109-A779-34EE99903270}.Release|x86.ActiveCfg = Release|Any CPU
		{C8BDB8FC-44F6-4109-A779-34EE99903270}.Release|x86.Build.0 = Release|Any CPU
		{3DF5C20B-988E-4382-9C70-B24FF4075B7E}.Debug|Any CPU.ActiveCfg = Debug|Any CPU
		{3DF5C20B-988E-4382-9C70-B24FF4075B7E}.Debug|Any CPU.Build.0 = Debug|Any CPU
		{3DF5C20B-988E-4382-9C70-B24FF4075B7E}.Debug|ARM.ActiveCfg = Debug|Any CPU
		{3DF5C20B-988E-4382-9C70-B24FF4075B7E}.Debug|ARM.Build.0 = Debug|Any CPU
		{3DF5C20B-988E-4382-9C70-B24FF4075B7E}.Debug|ARM64.ActiveCfg = Debug|Any CPU
		{3DF5C20B-988E-4382-9C70-B24FF4075B7E}.Debug|ARM64.Build.0 = Debug|Any CPU
		{3DF5C20B-988E-4382-9C70-B24FF4075B7E}.Debug|x64.ActiveCfg = Debug|Any CPU
		{3DF5C20B-988E-4382-9C70-B24FF4075B7E}.Debug|x64.Build.0 = Debug|Any CPU
		{3DF5C20B-988E-4382-9C70-B24FF4075B7E}.Debug|x86.ActiveCfg = Debug|Any CPU
		{3DF5C20B-988E-4382-9C70-B24FF4075B7E}.Debug|x86.Build.0 = Debug|Any CPU
		{3DF5C20B-988E-4382-9C70-B24FF4075B7E}.Release|Any CPU.ActiveCfg = Debug|Any CPU
		{3DF5C20B-988E-4382-9C70-B24FF4075B7E}.Release|Any CPU.Build.0 = Debug|Any CPU
		{3DF5C20B-988E-4382-9C70-B24FF4075B7E}.Release|ARM.ActiveCfg = Release|Any CPU
		{3DF5C20B-988E-4382-9C70-B24FF4075B7E}.Release|ARM.Build.0 = Release|Any CPU
		{3DF5C20B-988E-4382-9C70-B24FF4075B7E}.Release|ARM64.ActiveCfg = Release|Any CPU
		{3DF5C20B-988E-4382-9C70-B24FF4075B7E}.Release|ARM64.Build.0 = Release|Any CPU
		{3DF5C20B-988E-4382-9C70-B24FF4075B7E}.Release|x64.ActiveCfg = Release|Any CPU
		{3DF5C20B-988E-4382-9C70-B24FF4075B7E}.Release|x64.Build.0 = Release|Any CPU
		{3DF5C20B-988E-4382-9C70-B24FF4075B7E}.Release|x86.ActiveCfg = Release|Any CPU
		{3DF5C20B-988E-4382-9C70-B24FF4075B7E}.Release|x86.Build.0 = Release|Any CPU
		{F4E0EB6C-9525-4907-9DD1-A95016D234C8}.Debug|Any CPU.ActiveCfg = Debug|Any CPU
		{F4E0EB6C-9525-4907-9DD1-A95016D234C8}.Debug|Any CPU.Build.0 = Debug|Any CPU
		{F4E0EB6C-9525-4907-9DD1-A95016D234C8}.Debug|ARM.ActiveCfg = Debug|Any CPU
		{F4E0EB6C-9525-4907-9DD1-A95016D234C8}.Debug|ARM.Build.0 = Debug|Any CPU
		{F4E0EB6C-9525-4907-9DD1-A95016D234C8}.Debug|ARM64.ActiveCfg = Debug|Any CPU
		{F4E0EB6C-9525-4907-9DD1-A95016D234C8}.Debug|ARM64.Build.0 = Debug|Any CPU
		{F4E0EB6C-9525-4907-9DD1-A95016D234C8}.Debug|x64.ActiveCfg = Debug|Any CPU
		{F4E0EB6C-9525-4907-9DD1-A95016D234C8}.Debug|x64.Build.0 = Debug|Any CPU
		{F4E0EB6C-9525-4907-9DD1-A95016D234C8}.Debug|x86.ActiveCfg = Debug|Any CPU
		{F4E0EB6C-9525-4907-9DD1-A95016D234C8}.Debug|x86.Build.0 = Debug|Any CPU
		{F4E0EB6C-9525-4907-9DD1-A95016D234C8}.Release|Any CPU.ActiveCfg = Debug|Any CPU
		{F4E0EB6C-9525-4907-9DD1-A95016D234C8}.Release|Any CPU.Build.0 = Debug|Any CPU
		{F4E0EB6C-9525-4907-9DD1-A95016D234C8}.Release|ARM.ActiveCfg = Release|Any CPU
		{F4E0EB6C-9525-4907-9DD1-A95016D234C8}.Release|ARM.Build.0 = Release|Any CPU
		{F4E0EB6C-9525-4907-9DD1-A95016D234C8}.Release|ARM64.ActiveCfg = Release|Any CPU
		{F4E0EB6C-9525-4907-9DD1-A95016D234C8}.Release|ARM64.Build.0 = Release|Any CPU
		{F4E0EB6C-9525-4907-9DD1-A95016D234C8}.Release|x64.ActiveCfg = Release|Any CPU
		{F4E0EB6C-9525-4907-9DD1-A95016D234C8}.Release|x64.Build.0 = Release|Any CPU
		{F4E0EB6C-9525-4907-9DD1-A95016D234C8}.Release|x86.ActiveCfg = Release|Any CPU
		{F4E0EB6C-9525-4907-9DD1-A95016D234C8}.Release|x86.Build.0 = Release|Any CPU
		{0CEA7060-0186-4C17-9CB0-B1EFD306CFBA}.Debug|Any CPU.ActiveCfg = Debug|Any CPU
		{0CEA7060-0186-4C17-9CB0-B1EFD306CFBA}.Debug|Any CPU.Build.0 = Debug|Any CPU
		{0CEA7060-0186-4C17-9CB0-B1EFD306CFBA}.Debug|ARM.ActiveCfg = Debug|Any CPU
		{0CEA7060-0186-4C17-9CB0-B1EFD306CFBA}.Debug|ARM.Build.0 = Debug|Any CPU
		{0CEA7060-0186-4C17-9CB0-B1EFD306CFBA}.Debug|ARM64.ActiveCfg = Debug|Any CPU
		{0CEA7060-0186-4C17-9CB0-B1EFD306CFBA}.Debug|ARM64.Build.0 = Debug|Any CPU
		{0CEA7060-0186-4C17-9CB0-B1EFD306CFBA}.Debug|x64.ActiveCfg = Debug|Any CPU
		{0CEA7060-0186-4C17-9CB0-B1EFD306CFBA}.Debug|x64.Build.0 = Debug|Any CPU
		{0CEA7060-0186-4C17-9CB0-B1EFD306CFBA}.Debug|x86.ActiveCfg = Debug|Any CPU
		{0CEA7060-0186-4C17-9CB0-B1EFD306CFBA}.Debug|x86.Build.0 = Debug|Any CPU
		{0CEA7060-0186-4C17-9CB0-B1EFD306CFBA}.Release|Any CPU.ActiveCfg = Debug|Any CPU
		{0CEA7060-0186-4C17-9CB0-B1EFD306CFBA}.Release|Any CPU.Build.0 = Debug|Any CPU
		{0CEA7060-0186-4C17-9CB0-B1EFD306CFBA}.Release|ARM.ActiveCfg = Release|Any CPU
		{0CEA7060-0186-4C17-9CB0-B1EFD306CFBA}.Release|ARM.Build.0 = Release|Any CPU
		{0CEA7060-0186-4C17-9CB0-B1EFD306CFBA}.Release|ARM64.ActiveCfg = Release|Any CPU
		{0CEA7060-0186-4C17-9CB0-B1EFD306CFBA}.Release|ARM64.Build.0 = Release|Any CPU
		{0CEA7060-0186-4C17-9CB0-B1EFD306CFBA}.Release|x64.ActiveCfg = Release|Any CPU
		{0CEA7060-0186-4C17-9CB0-B1EFD306CFBA}.Release|x64.Build.0 = Release|Any CPU
		{0CEA7060-0186-4C17-9CB0-B1EFD306CFBA}.Release|x86.ActiveCfg = Release|Any CPU
		{0CEA7060-0186-4C17-9CB0-B1EFD306CFBA}.Release|x86.Build.0 = Release|Any CPU
		{33E293D4-9EFE-4FAC-AA57-865C74845C4F}.Debug|Any CPU.ActiveCfg = Debug|Any CPU
		{33E293D4-9EFE-4FAC-AA57-865C74845C4F}.Debug|Any CPU.Build.0 = Debug|Any CPU
		{33E293D4-9EFE-4FAC-AA57-865C74845C4F}.Debug|ARM.ActiveCfg = Debug|Any CPU
		{33E293D4-9EFE-4FAC-AA57-865C74845C4F}.Debug|ARM.Build.0 = Debug|Any CPU
		{33E293D4-9EFE-4FAC-AA57-865C74845C4F}.Debug|ARM64.ActiveCfg = Debug|Any CPU
		{33E293D4-9EFE-4FAC-AA57-865C74845C4F}.Debug|ARM64.Build.0 = Debug|Any CPU
		{33E293D4-9EFE-4FAC-AA57-865C74845C4F}.Debug|x64.ActiveCfg = Debug|Any CPU
		{33E293D4-9EFE-4FAC-AA57-865C74845C4F}.Debug|x64.Build.0 = Debug|Any CPU
		{33E293D4-9EFE-4FAC-AA57-865C74845C4F}.Debug|x86.ActiveCfg = Debug|Any CPU
		{33E293D4-9EFE-4FAC-AA57-865C74845C4F}.Debug|x86.Build.0 = Debug|Any CPU
		{33E293D4-9EFE-4FAC-AA57-865C74845C4F}.Release|Any CPU.ActiveCfg = Debug|Any CPU
		{33E293D4-9EFE-4FAC-AA57-865C74845C4F}.Release|Any CPU.Build.0 = Debug|Any CPU
		{33E293D4-9EFE-4FAC-AA57-865C74845C4F}.Release|ARM.ActiveCfg = Release|Any CPU
		{33E293D4-9EFE-4FAC-AA57-865C74845C4F}.Release|ARM.Build.0 = Release|Any CPU
		{33E293D4-9EFE-4FAC-AA57-865C74845C4F}.Release|ARM64.ActiveCfg = Release|Any CPU
		{33E293D4-9EFE-4FAC-AA57-865C74845C4F}.Release|ARM64.Build.0 = Release|Any CPU
		{33E293D4-9EFE-4FAC-AA57-865C74845C4F}.Release|x64.ActiveCfg = Release|Any CPU
		{33E293D4-9EFE-4FAC-AA57-865C74845C4F}.Release|x64.Build.0 = Release|Any CPU
		{33E293D4-9EFE-4FAC-AA57-865C74845C4F}.Release|x86.ActiveCfg = Release|Any CPU
		{33E293D4-9EFE-4FAC-AA57-865C74845C4F}.Release|x86.Build.0 = Release|Any CPU
		{CD0DDE64-8CC7-4453-99B1-CA7558442AF7}.Debug|Any CPU.ActiveCfg = Debug|Any CPU
		{CD0DDE64-8CC7-4453-99B1-CA7558442AF7}.Debug|Any CPU.Build.0 = Debug|Any CPU
		{CD0DDE64-8CC7-4453-99B1-CA7558442AF7}.Debug|ARM.ActiveCfg = Debug|Any CPU
		{CD0DDE64-8CC7-4453-99B1-CA7558442AF7}.Debug|ARM.Build.0 = Debug|Any CPU
		{CD0DDE64-8CC7-4453-99B1-CA7558442AF7}.Debug|ARM64.ActiveCfg = Debug|Any CPU
		{CD0DDE64-8CC7-4453-99B1-CA7558442AF7}.Debug|ARM64.Build.0 = Debug|Any CPU
		{CD0DDE64-8CC7-4453-99B1-CA7558442AF7}.Debug|x64.ActiveCfg = Debug|Any CPU
		{CD0DDE64-8CC7-4453-99B1-CA7558442AF7}.Debug|x64.Build.0 = Debug|Any CPU
		{CD0DDE64-8CC7-4453-99B1-CA7558442AF7}.Debug|x86.ActiveCfg = Debug|Any CPU
		{CD0DDE64-8CC7-4453-99B1-CA7558442AF7}.Debug|x86.Build.0 = Debug|Any CPU
		{CD0DDE64-8CC7-4453-99B1-CA7558442AF7}.Release|Any CPU.ActiveCfg = Debug|Any CPU
		{CD0DDE64-8CC7-4453-99B1-CA7558442AF7}.Release|Any CPU.Build.0 = Debug|Any CPU
		{CD0DDE64-8CC7-4453-99B1-CA7558442AF7}.Release|ARM.ActiveCfg = Release|Any CPU
		{CD0DDE64-8CC7-4453-99B1-CA7558442AF7}.Release|ARM.Build.0 = Release|Any CPU
		{CD0DDE64-8CC7-4453-99B1-CA7558442AF7}.Release|ARM64.ActiveCfg = Release|Any CPU
		{CD0DDE64-8CC7-4453-99B1-CA7558442AF7}.Release|ARM64.Build.0 = Release|Any CPU
		{CD0DDE64-8CC7-4453-99B1-CA7558442AF7}.Release|x64.ActiveCfg = Release|Any CPU
		{CD0DDE64-8CC7-4453-99B1-CA7558442AF7}.Release|x64.Build.0 = Release|Any CPU
		{CD0DDE64-8CC7-4453-99B1-CA7558442AF7}.Release|x86.ActiveCfg = Release|Any CPU
		{CD0DDE64-8CC7-4453-99B1-CA7558442AF7}.Release|x86.Build.0 = Release|Any CPU
		{4D94968B-C7CF-497F-A79E-32ACA918A68B}.Debug|Any CPU.ActiveCfg = Debug|Any CPU
		{4D94968B-C7CF-497F-A79E-32ACA918A68B}.Debug|Any CPU.Build.0 = Debug|Any CPU
		{4D94968B-C7CF-497F-A79E-32ACA918A68B}.Debug|ARM.ActiveCfg = Debug|Any CPU
		{4D94968B-C7CF-497F-A79E-32ACA918A68B}.Debug|ARM.Build.0 = Debug|Any CPU
		{4D94968B-C7CF-497F-A79E-32ACA918A68B}.Debug|ARM64.ActiveCfg = Debug|Any CPU
		{4D94968B-C7CF-497F-A79E-32ACA918A68B}.Debug|ARM64.Build.0 = Debug|Any CPU
		{4D94968B-C7CF-497F-A79E-32ACA918A68B}.Debug|x64.ActiveCfg = Debug|Any CPU
		{4D94968B-C7CF-497F-A79E-32ACA918A68B}.Debug|x64.Build.0 = Debug|Any CPU
		{4D94968B-C7CF-497F-A79E-32ACA918A68B}.Debug|x86.ActiveCfg = Debug|Any CPU
		{4D94968B-C7CF-497F-A79E-32ACA918A68B}.Debug|x86.Build.0 = Debug|Any CPU
		{4D94968B-C7CF-497F-A79E-32ACA918A68B}.Release|Any CPU.ActiveCfg = Debug|Any CPU
		{4D94968B-C7CF-497F-A79E-32ACA918A68B}.Release|Any CPU.Build.0 = Debug|Any CPU
		{4D94968B-C7CF-497F-A79E-32ACA918A68B}.Release|ARM.ActiveCfg = Release|Any CPU
		{4D94968B-C7CF-497F-A79E-32ACA918A68B}.Release|ARM.Build.0 = Release|Any CPU
		{4D94968B-C7CF-497F-A79E-32ACA918A68B}.Release|ARM64.ActiveCfg = Release|Any CPU
		{4D94968B-C7CF-497F-A79E-32ACA918A68B}.Release|ARM64.Build.0 = Release|Any CPU
		{4D94968B-C7CF-497F-A79E-32ACA918A68B}.Release|x64.ActiveCfg = Release|Any CPU
		{4D94968B-C7CF-497F-A79E-32ACA918A68B}.Release|x64.Build.0 = Release|Any CPU
		{4D94968B-C7CF-497F-A79E-32ACA918A68B}.Release|x86.ActiveCfg = Release|Any CPU
		{4D94968B-C7CF-497F-A79E-32ACA918A68B}.Release|x86.Build.0 = Release|Any CPU
		{E79C6FFF-56DC-4610-B72F-5B0ED232F4C5}.Debug|Any CPU.ActiveCfg = Debug|Any CPU
		{E79C6FFF-56DC-4610-B72F-5B0ED232F4C5}.Debug|Any CPU.Build.0 = Debug|Any CPU
		{E79C6FFF-56DC-4610-B72F-5B0ED232F4C5}.Debug|ARM.ActiveCfg = Debug|Any CPU
		{E79C6FFF-56DC-4610-B72F-5B0ED232F4C5}.Debug|ARM.Build.0 = Debug|Any CPU
		{E79C6FFF-56DC-4610-B72F-5B0ED232F4C5}.Debug|ARM64.ActiveCfg = Debug|Any CPU
		{E79C6FFF-56DC-4610-B72F-5B0ED232F4C5}.Debug|ARM64.Build.0 = Debug|Any CPU
		{E79C6FFF-56DC-4610-B72F-5B0ED232F4C5}.Debug|x64.ActiveCfg = Debug|Any CPU
		{E79C6FFF-56DC-4610-B72F-5B0ED232F4C5}.Debug|x64.Build.0 = Debug|Any CPU
		{E79C6FFF-56DC-4610-B72F-5B0ED232F4C5}.Debug|x86.ActiveCfg = Debug|Any CPU
		{E79C6FFF-56DC-4610-B72F-5B0ED232F4C5}.Debug|x86.Build.0 = Debug|Any CPU
		{E79C6FFF-56DC-4610-B72F-5B0ED232F4C5}.Release|Any CPU.ActiveCfg = Debug|Any CPU
		{E79C6FFF-56DC-4610-B72F-5B0ED232F4C5}.Release|Any CPU.Build.0 = Debug|Any CPU
		{E79C6FFF-56DC-4610-B72F-5B0ED232F4C5}.Release|ARM.ActiveCfg = Release|Any CPU
		{E79C6FFF-56DC-4610-B72F-5B0ED232F4C5}.Release|ARM.Build.0 = Release|Any CPU
		{E79C6FFF-56DC-4610-B72F-5B0ED232F4C5}.Release|ARM64.ActiveCfg = Release|Any CPU
		{E79C6FFF-56DC-4610-B72F-5B0ED232F4C5}.Release|ARM64.Build.0 = Release|Any CPU
		{E79C6FFF-56DC-4610-B72F-5B0ED232F4C5}.Release|x64.ActiveCfg = Release|Any CPU
		{E79C6FFF-56DC-4610-B72F-5B0ED232F4C5}.Release|x64.Build.0 = Release|Any CPU
		{E79C6FFF-56DC-4610-B72F-5B0ED232F4C5}.Release|x86.ActiveCfg = Release|Any CPU
		{E79C6FFF-56DC-4610-B72F-5B0ED232F4C5}.Release|x86.Build.0 = Release|Any CPU
		{DC8E3D76-4646-4DE3-BB29-6E8DF4425AA8}.Debug|Any CPU.ActiveCfg = Debug|Any CPU
		{DC8E3D76-4646-4DE3-BB29-6E8DF4425AA8}.Debug|Any CPU.Build.0 = Debug|Any CPU
		{DC8E3D76-4646-4DE3-BB29-6E8DF4425AA8}.Debug|ARM.ActiveCfg = Debug|Any CPU
		{DC8E3D76-4646-4DE3-BB29-6E8DF4425AA8}.Debug|ARM.Build.0 = Debug|Any CPU
		{DC8E3D76-4646-4DE3-BB29-6E8DF4425AA8}.Debug|ARM64.ActiveCfg = Debug|Any CPU
		{DC8E3D76-4646-4DE3-BB29-6E8DF4425AA8}.Debug|ARM64.Build.0 = Debug|Any CPU
		{DC8E3D76-4646-4DE3-BB29-6E8DF4425AA8}.Debug|x64.ActiveCfg = Debug|Any CPU
		{DC8E3D76-4646-4DE3-BB29-6E8DF4425AA8}.Debug|x64.Build.0 = Debug|Any CPU
		{DC8E3D76-4646-4DE3-BB29-6E8DF4425AA8}.Debug|x86.ActiveCfg = Debug|Any CPU
		{DC8E3D76-4646-4DE3-BB29-6E8DF4425AA8}.Debug|x86.Build.0 = Debug|Any CPU
		{DC8E3D76-4646-4DE3-BB29-6E8DF4425AA8}.Release|Any CPU.ActiveCfg = Debug|Any CPU
		{DC8E3D76-4646-4DE3-BB29-6E8DF4425AA8}.Release|Any CPU.Build.0 = Debug|Any CPU
		{DC8E3D76-4646-4DE3-BB29-6E8DF4425AA8}.Release|ARM.ActiveCfg = Release|Any CPU
		{DC8E3D76-4646-4DE3-BB29-6E8DF4425AA8}.Release|ARM.Build.0 = Release|Any CPU
		{DC8E3D76-4646-4DE3-BB29-6E8DF4425AA8}.Release|ARM64.ActiveCfg = Release|Any CPU
		{DC8E3D76-4646-4DE3-BB29-6E8DF4425AA8}.Release|ARM64.Build.0 = Release|Any CPU
		{DC8E3D76-4646-4DE3-BB29-6E8DF4425AA8}.Release|x64.ActiveCfg = Release|Any CPU
		{DC8E3D76-4646-4DE3-BB29-6E8DF4425AA8}.Release|x64.Build.0 = Release|Any CPU
		{DC8E3D76-4646-4DE3-BB29-6E8DF4425AA8}.Release|x86.ActiveCfg = Release|Any CPU
		{DC8E3D76-4646-4DE3-BB29-6E8DF4425AA8}.Release|x86.Build.0 = Release|Any CPU
		{B357BAC7-529E-4D81-A0D2-71041B19C8DE}.Debug|Any CPU.ActiveCfg = Debug|Any CPU
		{B357BAC7-529E-4D81-A0D2-71041B19C8DE}.Debug|Any CPU.Build.0 = Debug|Any CPU
		{B357BAC7-529E-4D81-A0D2-71041B19C8DE}.Debug|ARM.ActiveCfg = Debug|Any CPU
		{B357BAC7-529E-4D81-A0D2-71041B19C8DE}.Debug|ARM.Build.0 = Debug|Any CPU
		{B357BAC7-529E-4D81-A0D2-71041B19C8DE}.Debug|ARM64.ActiveCfg = Debug|Any CPU
		{B357BAC7-529E-4D81-A0D2-71041B19C8DE}.Debug|ARM64.Build.0 = Debug|Any CPU
		{B357BAC7-529E-4D81-A0D2-71041B19C8DE}.Debug|x64.ActiveCfg = Debug|Any CPU
		{B357BAC7-529E-4D81-A0D2-71041B19C8DE}.Debug|x64.Build.0 = Debug|Any CPU
		{B357BAC7-529E-4D81-A0D2-71041B19C8DE}.Debug|x86.ActiveCfg = Debug|Any CPU
		{B357BAC7-529E-4D81-A0D2-71041B19C8DE}.Debug|x86.Build.0 = Debug|Any CPU
		{B357BAC7-529E-4D81-A0D2-71041B19C8DE}.Release|Any CPU.ActiveCfg = Debug|Any CPU
		{B357BAC7-529E-4D81-A0D2-71041B19C8DE}.Release|Any CPU.Build.0 = Debug|Any CPU
		{B357BAC7-529E-4D81-A0D2-71041B19C8DE}.Release|ARM.ActiveCfg = Release|Any CPU
		{B357BAC7-529E-4D81-A0D2-71041B19C8DE}.Release|ARM.Build.0 = Release|Any CPU
		{B357BAC7-529E-4D81-A0D2-71041B19C8DE}.Release|ARM64.ActiveCfg = Release|Any CPU
		{B357BAC7-529E-4D81-A0D2-71041B19C8DE}.Release|ARM64.Build.0 = Release|Any CPU
		{B357BAC7-529E-4D81-A0D2-71041B19C8DE}.Release|x64.ActiveCfg = Release|Any CPU
		{B357BAC7-529E-4D81-A0D2-71041B19C8DE}.Release|x64.Build.0 = Release|Any CPU
		{B357BAC7-529E-4D81-A0D2-71041B19C8DE}.Release|x86.ActiveCfg = Release|Any CPU
		{B357BAC7-529E-4D81-A0D2-71041B19C8DE}.Release|x86.Build.0 = Release|Any CPU
		{3B0615DA-2D7F-46DA-AEA4-822669592A3B}.Debug|Any CPU.ActiveCfg = Debug|Any CPU
		{3B0615DA-2D7F-46DA-AEA4-822669592A3B}.Debug|Any CPU.Build.0 = Debug|Any CPU
		{3B0615DA-2D7F-46DA-AEA4-822669592A3B}.Debug|ARM.ActiveCfg = Debug|Any CPU
		{3B0615DA-2D7F-46DA-AEA4-822669592A3B}.Debug|ARM.Build.0 = Debug|Any CPU
		{3B0615DA-2D7F-46DA-AEA4-822669592A3B}.Debug|ARM64.ActiveCfg = Debug|Any CPU
		{3B0615DA-2D7F-46DA-AEA4-822669592A3B}.Debug|ARM64.Build.0 = Debug|Any CPU
		{3B0615DA-2D7F-46DA-AEA4-822669592A3B}.Debug|x64.ActiveCfg = Debug|Any CPU
		{3B0615DA-2D7F-46DA-AEA4-822669592A3B}.Debug|x64.Build.0 = Debug|Any CPU
		{3B0615DA-2D7F-46DA-AEA4-822669592A3B}.Debug|x86.ActiveCfg = Debug|Any CPU
		{3B0615DA-2D7F-46DA-AEA4-822669592A3B}.Debug|x86.Build.0 = Debug|Any CPU
		{3B0615DA-2D7F-46DA-AEA4-822669592A3B}.Release|Any CPU.ActiveCfg = Debug|Any CPU
		{3B0615DA-2D7F-46DA-AEA4-822669592A3B}.Release|Any CPU.Build.0 = Debug|Any CPU
		{3B0615DA-2D7F-46DA-AEA4-822669592A3B}.Release|ARM.ActiveCfg = Debug|Any CPU
		{3B0615DA-2D7F-46DA-AEA4-822669592A3B}.Release|ARM.Build.0 = Debug|Any CPU
		{3B0615DA-2D7F-46DA-AEA4-822669592A3B}.Release|ARM64.ActiveCfg = Debug|Any CPU
		{3B0615DA-2D7F-46DA-AEA4-822669592A3B}.Release|ARM64.Build.0 = Debug|Any CPU
		{3B0615DA-2D7F-46DA-AEA4-822669592A3B}.Release|x64.ActiveCfg = Debug|Any CPU
		{3B0615DA-2D7F-46DA-AEA4-822669592A3B}.Release|x64.Build.0 = Debug|Any CPU
		{3B0615DA-2D7F-46DA-AEA4-822669592A3B}.Release|x86.ActiveCfg = Debug|Any CPU
		{3B0615DA-2D7F-46DA-AEA4-822669592A3B}.Release|x86.Build.0 = Debug|Any CPU
		{FA7C2F99-A446-47D3-9344-FAA3FA8CC40C}.Debug|Any CPU.ActiveCfg = Debug|Any CPU
		{FA7C2F99-A446-47D3-9344-FAA3FA8CC40C}.Debug|Any CPU.Build.0 = Debug|Any CPU
		{FA7C2F99-A446-47D3-9344-FAA3FA8CC40C}.Debug|ARM.ActiveCfg = Debug|Any CPU
		{FA7C2F99-A446-47D3-9344-FAA3FA8CC40C}.Debug|ARM.Build.0 = Debug|Any CPU
		{FA7C2F99-A446-47D3-9344-FAA3FA8CC40C}.Debug|ARM64.ActiveCfg = Debug|Any CPU
		{FA7C2F99-A446-47D3-9344-FAA3FA8CC40C}.Debug|ARM64.Build.0 = Debug|Any CPU
		{FA7C2F99-A446-47D3-9344-FAA3FA8CC40C}.Debug|x64.ActiveCfg = Debug|Any CPU
		{FA7C2F99-A446-47D3-9344-FAA3FA8CC40C}.Debug|x64.Build.0 = Debug|Any CPU
		{FA7C2F99-A446-47D3-9344-FAA3FA8CC40C}.Debug|x86.ActiveCfg = Debug|Any CPU
		{FA7C2F99-A446-47D3-9344-FAA3FA8CC40C}.Debug|x86.Build.0 = Debug|Any CPU
		{FA7C2F99-A446-47D3-9344-FAA3FA8CC40C}.Release|Any CPU.ActiveCfg = Debug|Any CPU
		{FA7C2F99-A446-47D3-9344-FAA3FA8CC40C}.Release|Any CPU.Build.0 = Debug|Any CPU
		{FA7C2F99-A446-47D3-9344-FAA3FA8CC40C}.Release|ARM.ActiveCfg = Release|Any CPU
		{FA7C2F99-A446-47D3-9344-FAA3FA8CC40C}.Release|ARM.Build.0 = Release|Any CPU
		{FA7C2F99-A446-47D3-9344-FAA3FA8CC40C}.Release|ARM64.ActiveCfg = Release|Any CPU
		{FA7C2F99-A446-47D3-9344-FAA3FA8CC40C}.Release|ARM64.Build.0 = Release|Any CPU
		{FA7C2F99-A446-47D3-9344-FAA3FA8CC40C}.Release|x64.ActiveCfg = Release|Any CPU
		{FA7C2F99-A446-47D3-9344-FAA3FA8CC40C}.Release|x64.Build.0 = Release|Any CPU
		{FA7C2F99-A446-47D3-9344-FAA3FA8CC40C}.Release|x86.ActiveCfg = Release|Any CPU
		{FA7C2F99-A446-47D3-9344-FAA3FA8CC40C}.Release|x86.Build.0 = Release|Any CPU
		{E02B20B2-898A-42E1-A7D2-BF9C19687F85}.Debug|Any CPU.ActiveCfg = Debug|Any CPU
		{E02B20B2-898A-42E1-A7D2-BF9C19687F85}.Debug|Any CPU.Build.0 = Debug|Any CPU
		{E02B20B2-898A-42E1-A7D2-BF9C19687F85}.Debug|ARM.ActiveCfg = Debug|Any CPU
		{E02B20B2-898A-42E1-A7D2-BF9C19687F85}.Debug|ARM.Build.0 = Debug|Any CPU
		{E02B20B2-898A-42E1-A7D2-BF9C19687F85}.Debug|ARM64.ActiveCfg = Debug|Any CPU
		{E02B20B2-898A-42E1-A7D2-BF9C19687F85}.Debug|ARM64.Build.0 = Debug|Any CPU
		{E02B20B2-898A-42E1-A7D2-BF9C19687F85}.Debug|x64.ActiveCfg = Debug|Any CPU
		{E02B20B2-898A-42E1-A7D2-BF9C19687F85}.Debug|x64.Build.0 = Debug|Any CPU
		{E02B20B2-898A-42E1-A7D2-BF9C19687F85}.Debug|x86.ActiveCfg = Debug|Any CPU
		{E02B20B2-898A-42E1-A7D2-BF9C19687F85}.Debug|x86.Build.0 = Debug|Any CPU
		{E02B20B2-898A-42E1-A7D2-BF9C19687F85}.Release|Any CPU.ActiveCfg = Debug|Any CPU
		{E02B20B2-898A-42E1-A7D2-BF9C19687F85}.Release|Any CPU.Build.0 = Debug|Any CPU
		{E02B20B2-898A-42E1-A7D2-BF9C19687F85}.Release|ARM.ActiveCfg = Release|Any CPU
		{E02B20B2-898A-42E1-A7D2-BF9C19687F85}.Release|ARM.Build.0 = Release|Any CPU
		{E02B20B2-898A-42E1-A7D2-BF9C19687F85}.Release|ARM64.ActiveCfg = Release|Any CPU
		{E02B20B2-898A-42E1-A7D2-BF9C19687F85}.Release|ARM64.Build.0 = Release|Any CPU
		{E02B20B2-898A-42E1-A7D2-BF9C19687F85}.Release|x64.ActiveCfg = Release|Any CPU
		{E02B20B2-898A-42E1-A7D2-BF9C19687F85}.Release|x64.Build.0 = Release|Any CPU
		{E02B20B2-898A-42E1-A7D2-BF9C19687F85}.Release|x86.ActiveCfg = Release|Any CPU
		{E02B20B2-898A-42E1-A7D2-BF9C19687F85}.Release|x86.Build.0 = Release|Any CPU
		{2141F6E3-13D5-4981-9BE4-D50EE1988E25}.Debug|Any CPU.ActiveCfg = Debug|Any CPU
		{2141F6E3-13D5-4981-9BE4-D50EE1988E25}.Debug|Any CPU.Build.0 = Debug|Any CPU
		{2141F6E3-13D5-4981-9BE4-D50EE1988E25}.Debug|ARM.ActiveCfg = Debug|Any CPU
		{2141F6E3-13D5-4981-9BE4-D50EE1988E25}.Debug|ARM.Build.0 = Debug|Any CPU
		{2141F6E3-13D5-4981-9BE4-D50EE1988E25}.Debug|ARM64.ActiveCfg = Debug|Any CPU
		{2141F6E3-13D5-4981-9BE4-D50EE1988E25}.Debug|ARM64.Build.0 = Debug|Any CPU
		{2141F6E3-13D5-4981-9BE4-D50EE1988E25}.Debug|x64.ActiveCfg = Debug|Any CPU
		{2141F6E3-13D5-4981-9BE4-D50EE1988E25}.Debug|x64.Build.0 = Debug|Any CPU
		{2141F6E3-13D5-4981-9BE4-D50EE1988E25}.Debug|x86.ActiveCfg = Debug|Any CPU
		{2141F6E3-13D5-4981-9BE4-D50EE1988E25}.Debug|x86.Build.0 = Debug|Any CPU
		{2141F6E3-13D5-4981-9BE4-D50EE1988E25}.Release|Any CPU.ActiveCfg = Debug|Any CPU
		{2141F6E3-13D5-4981-9BE4-D50EE1988E25}.Release|Any CPU.Build.0 = Debug|Any CPU
		{2141F6E3-13D5-4981-9BE4-D50EE1988E25}.Release|ARM.ActiveCfg = Debug|Any CPU
		{2141F6E3-13D5-4981-9BE4-D50EE1988E25}.Release|ARM.Build.0 = Debug|Any CPU
		{2141F6E3-13D5-4981-9BE4-D50EE1988E25}.Release|ARM64.ActiveCfg = Debug|Any CPU
		{2141F6E3-13D5-4981-9BE4-D50EE1988E25}.Release|ARM64.Build.0 = Debug|Any CPU
		{2141F6E3-13D5-4981-9BE4-D50EE1988E25}.Release|x64.ActiveCfg = Debug|Any CPU
		{2141F6E3-13D5-4981-9BE4-D50EE1988E25}.Release|x64.Build.0 = Debug|Any CPU
		{2141F6E3-13D5-4981-9BE4-D50EE1988E25}.Release|x86.ActiveCfg = Debug|Any CPU
		{2141F6E3-13D5-4981-9BE4-D50EE1988E25}.Release|x86.Build.0 = Debug|Any CPU
		{ED432AE3-877A-4791-BC9B-D709E635138E}.Debug|Any CPU.ActiveCfg = Debug|Any CPU
		{ED432AE3-877A-4791-BC9B-D709E635138E}.Debug|Any CPU.Build.0 = Debug|Any CPU
		{ED432AE3-877A-4791-BC9B-D709E635138E}.Debug|ARM.ActiveCfg = Debug|Any CPU
		{ED432AE3-877A-4791-BC9B-D709E635138E}.Debug|ARM.Build.0 = Debug|Any CPU
		{ED432AE3-877A-4791-BC9B-D709E635138E}.Debug|ARM64.ActiveCfg = Debug|Any CPU
		{ED432AE3-877A-4791-BC9B-D709E635138E}.Debug|ARM64.Build.0 = Debug|Any CPU
		{ED432AE3-877A-4791-BC9B-D709E635138E}.Debug|x64.ActiveCfg = Debug|Any CPU
		{ED432AE3-877A-4791-BC9B-D709E635138E}.Debug|x64.Build.0 = Debug|Any CPU
		{ED432AE3-877A-4791-BC9B-D709E635138E}.Debug|x86.ActiveCfg = Debug|Any CPU
		{ED432AE3-877A-4791-BC9B-D709E635138E}.Debug|x86.Build.0 = Debug|Any CPU
		{ED432AE3-877A-4791-BC9B-D709E635138E}.Release|Any CPU.ActiveCfg = Debug|Any CPU
		{ED432AE3-877A-4791-BC9B-D709E635138E}.Release|Any CPU.Build.0 = Debug|Any CPU
		{ED432AE3-877A-4791-BC9B-D709E635138E}.Release|ARM.ActiveCfg = Release|Any CPU
		{ED432AE3-877A-4791-BC9B-D709E635138E}.Release|ARM.Build.0 = Release|Any CPU
		{ED432AE3-877A-4791-BC9B-D709E635138E}.Release|ARM64.ActiveCfg = Release|Any CPU
		{ED432AE3-877A-4791-BC9B-D709E635138E}.Release|ARM64.Build.0 = Release|Any CPU
		{ED432AE3-877A-4791-BC9B-D709E635138E}.Release|x64.ActiveCfg = Release|Any CPU
		{ED432AE3-877A-4791-BC9B-D709E635138E}.Release|x64.Build.0 = Release|Any CPU
		{ED432AE3-877A-4791-BC9B-D709E635138E}.Release|x86.ActiveCfg = Release|Any CPU
		{ED432AE3-877A-4791-BC9B-D709E635138E}.Release|x86.Build.0 = Release|Any CPU
		{E258808C-C21A-464B-BED5-E6E1F3617869}.Debug|Any CPU.ActiveCfg = Debug|Any CPU
		{E258808C-C21A-464B-BED5-E6E1F3617869}.Debug|Any CPU.Build.0 = Debug|Any CPU
		{E258808C-C21A-464B-BED5-E6E1F3617869}.Debug|ARM.ActiveCfg = Debug|Any CPU
		{E258808C-C21A-464B-BED5-E6E1F3617869}.Debug|ARM.Build.0 = Debug|Any CPU
		{E258808C-C21A-464B-BED5-E6E1F3617869}.Debug|ARM64.ActiveCfg = Debug|Any CPU
		{E258808C-C21A-464B-BED5-E6E1F3617869}.Debug|ARM64.Build.0 = Debug|Any CPU
		{E258808C-C21A-464B-BED5-E6E1F3617869}.Debug|x64.ActiveCfg = Debug|Any CPU
		{E258808C-C21A-464B-BED5-E6E1F3617869}.Debug|x64.Build.0 = Debug|Any CPU
		{E258808C-C21A-464B-BED5-E6E1F3617869}.Debug|x86.ActiveCfg = Debug|Any CPU
		{E258808C-C21A-464B-BED5-E6E1F3617869}.Debug|x86.Build.0 = Debug|Any CPU
		{E258808C-C21A-464B-BED5-E6E1F3617869}.Release|Any CPU.ActiveCfg = Debug|Any CPU
		{E258808C-C21A-464B-BED5-E6E1F3617869}.Release|Any CPU.Build.0 = Debug|Any CPU
		{E258808C-C21A-464B-BED5-E6E1F3617869}.Release|ARM.ActiveCfg = Release|Any CPU
		{E258808C-C21A-464B-BED5-E6E1F3617869}.Release|ARM.Build.0 = Release|Any CPU
		{E258808C-C21A-464B-BED5-E6E1F3617869}.Release|ARM64.ActiveCfg = Release|Any CPU
		{E258808C-C21A-464B-BED5-E6E1F3617869}.Release|ARM64.Build.0 = Release|Any CPU
		{E258808C-C21A-464B-BED5-E6E1F3617869}.Release|x64.ActiveCfg = Release|Any CPU
		{E258808C-C21A-464B-BED5-E6E1F3617869}.Release|x64.Build.0 = Release|Any CPU
		{E258808C-C21A-464B-BED5-E6E1F3617869}.Release|x86.ActiveCfg = Release|Any CPU
		{E258808C-C21A-464B-BED5-E6E1F3617869}.Release|x86.Build.0 = Release|Any CPU
		{C045FF8E-4D9C-4490-8BCD-D185A76FFD82}.Debug|Any CPU.ActiveCfg = Debug|Any CPU
		{C045FF8E-4D9C-4490-8BCD-D185A76FFD82}.Debug|Any CPU.Build.0 = Debug|Any CPU
		{C045FF8E-4D9C-4490-8BCD-D185A76FFD82}.Debug|ARM.ActiveCfg = Debug|Any CPU
		{C045FF8E-4D9C-4490-8BCD-D185A76FFD82}.Debug|ARM.Build.0 = Debug|Any CPU
		{C045FF8E-4D9C-4490-8BCD-D185A76FFD82}.Debug|ARM64.ActiveCfg = Debug|Any CPU
		{C045FF8E-4D9C-4490-8BCD-D185A76FFD82}.Debug|ARM64.Build.0 = Debug|Any CPU
		{C045FF8E-4D9C-4490-8BCD-D185A76FFD82}.Debug|x64.ActiveCfg = Debug|Any CPU
		{C045FF8E-4D9C-4490-8BCD-D185A76FFD82}.Debug|x64.Build.0 = Debug|Any CPU
		{C045FF8E-4D9C-4490-8BCD-D185A76FFD82}.Debug|x86.ActiveCfg = Debug|Any CPU
		{C045FF8E-4D9C-4490-8BCD-D185A76FFD82}.Debug|x86.Build.0 = Debug|Any CPU
		{C045FF8E-4D9C-4490-8BCD-D185A76FFD82}.Release|Any CPU.ActiveCfg = Debug|Any CPU
		{C045FF8E-4D9C-4490-8BCD-D185A76FFD82}.Release|Any CPU.Build.0 = Debug|Any CPU
		{C045FF8E-4D9C-4490-8BCD-D185A76FFD82}.Release|ARM.ActiveCfg = Release|Any CPU
		{C045FF8E-4D9C-4490-8BCD-D185A76FFD82}.Release|ARM.Build.0 = Release|Any CPU
		{C045FF8E-4D9C-4490-8BCD-D185A76FFD82}.Release|ARM64.ActiveCfg = Release|Any CPU
		{C045FF8E-4D9C-4490-8BCD-D185A76FFD82}.Release|ARM64.Build.0 = Release|Any CPU
		{C045FF8E-4D9C-4490-8BCD-D185A76FFD82}.Release|x64.ActiveCfg = Release|Any CPU
		{C045FF8E-4D9C-4490-8BCD-D185A76FFD82}.Release|x64.Build.0 = Release|Any CPU
		{C045FF8E-4D9C-4490-8BCD-D185A76FFD82}.Release|x86.ActiveCfg = Release|Any CPU
		{C045FF8E-4D9C-4490-8BCD-D185A76FFD82}.Release|x86.Build.0 = Release|Any CPU
		{9510668D-631E-4C0F-BDF2-062F550E2C5A}.Debug|Any CPU.ActiveCfg = Debug|Any CPU
		{9510668D-631E-4C0F-BDF2-062F550E2C5A}.Debug|Any CPU.Build.0 = Debug|Any CPU
		{9510668D-631E-4C0F-BDF2-062F550E2C5A}.Debug|ARM.ActiveCfg = Debug|Any CPU
		{9510668D-631E-4C0F-BDF2-062F550E2C5A}.Debug|ARM.Build.0 = Debug|Any CPU
		{9510668D-631E-4C0F-BDF2-062F550E2C5A}.Debug|ARM64.ActiveCfg = Debug|Any CPU
		{9510668D-631E-4C0F-BDF2-062F550E2C5A}.Debug|ARM64.Build.0 = Debug|Any CPU
		{9510668D-631E-4C0F-BDF2-062F550E2C5A}.Debug|x64.ActiveCfg = Debug|Any CPU
		{9510668D-631E-4C0F-BDF2-062F550E2C5A}.Debug|x64.Build.0 = Debug|Any CPU
		{9510668D-631E-4C0F-BDF2-062F550E2C5A}.Debug|x86.ActiveCfg = Debug|Any CPU
		{9510668D-631E-4C0F-BDF2-062F550E2C5A}.Debug|x86.Build.0 = Debug|Any CPU
		{9510668D-631E-4C0F-BDF2-062F550E2C5A}.Release|Any CPU.ActiveCfg = Debug|Any CPU
		{9510668D-631E-4C0F-BDF2-062F550E2C5A}.Release|Any CPU.Build.0 = Debug|Any CPU
		{9510668D-631E-4C0F-BDF2-062F550E2C5A}.Release|ARM.ActiveCfg = Release|Any CPU
		{9510668D-631E-4C0F-BDF2-062F550E2C5A}.Release|ARM.Build.0 = Release|Any CPU
		{9510668D-631E-4C0F-BDF2-062F550E2C5A}.Release|ARM64.ActiveCfg = Release|Any CPU
		{9510668D-631E-4C0F-BDF2-062F550E2C5A}.Release|ARM64.Build.0 = Release|Any CPU
		{9510668D-631E-4C0F-BDF2-062F550E2C5A}.Release|x64.ActiveCfg = Release|Any CPU
		{9510668D-631E-4C0F-BDF2-062F550E2C5A}.Release|x64.Build.0 = Release|Any CPU
		{9510668D-631E-4C0F-BDF2-062F550E2C5A}.Release|x86.ActiveCfg = Release|Any CPU
		{9510668D-631E-4C0F-BDF2-062F550E2C5A}.Release|x86.Build.0 = Release|Any CPU
		{16B93420-25BF-4F7C-AE9B-39A902382E3F}.Debug|Any CPU.ActiveCfg = Debug|Any CPU
		{16B93420-25BF-4F7C-AE9B-39A902382E3F}.Debug|Any CPU.Build.0 = Debug|Any CPU
		{16B93420-25BF-4F7C-AE9B-39A902382E3F}.Debug|ARM.ActiveCfg = Debug|Any CPU
		{16B93420-25BF-4F7C-AE9B-39A902382E3F}.Debug|ARM.Build.0 = Debug|Any CPU
		{16B93420-25BF-4F7C-AE9B-39A902382E3F}.Debug|ARM64.ActiveCfg = Debug|Any CPU
		{16B93420-25BF-4F7C-AE9B-39A902382E3F}.Debug|ARM64.Build.0 = Debug|Any CPU
		{16B93420-25BF-4F7C-AE9B-39A902382E3F}.Debug|x64.ActiveCfg = Debug|Any CPU
		{16B93420-25BF-4F7C-AE9B-39A902382E3F}.Debug|x64.Build.0 = Debug|Any CPU
		{16B93420-25BF-4F7C-AE9B-39A902382E3F}.Debug|x86.ActiveCfg = Debug|Any CPU
		{16B93420-25BF-4F7C-AE9B-39A902382E3F}.Debug|x86.Build.0 = Debug|Any CPU
		{16B93420-25BF-4F7C-AE9B-39A902382E3F}.Release|Any CPU.ActiveCfg = Debug|Any CPU
		{16B93420-25BF-4F7C-AE9B-39A902382E3F}.Release|Any CPU.Build.0 = Debug|Any CPU
		{16B93420-25BF-4F7C-AE9B-39A902382E3F}.Release|ARM.ActiveCfg = Release|Any CPU
		{16B93420-25BF-4F7C-AE9B-39A902382E3F}.Release|ARM.Build.0 = Release|Any CPU
		{16B93420-25BF-4F7C-AE9B-39A902382E3F}.Release|ARM64.ActiveCfg = Release|Any CPU
		{16B93420-25BF-4F7C-AE9B-39A902382E3F}.Release|ARM64.Build.0 = Release|Any CPU
		{16B93420-25BF-4F7C-AE9B-39A902382E3F}.Release|x64.ActiveCfg = Release|Any CPU
		{16B93420-25BF-4F7C-AE9B-39A902382E3F}.Release|x64.Build.0 = Release|Any CPU
		{16B93420-25BF-4F7C-AE9B-39A902382E3F}.Release|x86.ActiveCfg = Release|Any CPU
		{16B93420-25BF-4F7C-AE9B-39A902382E3F}.Release|x86.Build.0 = Release|Any CPU
		{A68F2FA6-5C8C-4235-86C4-F7C056810470}.Debug|Any CPU.ActiveCfg = Debug|Any CPU
		{A68F2FA6-5C8C-4235-86C4-F7C056810470}.Debug|Any CPU.Build.0 = Debug|Any CPU
		{A68F2FA6-5C8C-4235-86C4-F7C056810470}.Debug|ARM.ActiveCfg = Debug|Any CPU
		{A68F2FA6-5C8C-4235-86C4-F7C056810470}.Debug|ARM.Build.0 = Debug|Any CPU
		{A68F2FA6-5C8C-4235-86C4-F7C056810470}.Debug|ARM64.ActiveCfg = Debug|Any CPU
		{A68F2FA6-5C8C-4235-86C4-F7C056810470}.Debug|ARM64.Build.0 = Debug|Any CPU
		{A68F2FA6-5C8C-4235-86C4-F7C056810470}.Debug|x64.ActiveCfg = Debug|Any CPU
		{A68F2FA6-5C8C-4235-86C4-F7C056810470}.Debug|x64.Build.0 = Debug|Any CPU
		{A68F2FA6-5C8C-4235-86C4-F7C056810470}.Debug|x86.ActiveCfg = Debug|Any CPU
		{A68F2FA6-5C8C-4235-86C4-F7C056810470}.Debug|x86.Build.0 = Debug|Any CPU
		{A68F2FA6-5C8C-4235-86C4-F7C056810470}.Release|Any CPU.ActiveCfg = Debug|Any CPU
		{A68F2FA6-5C8C-4235-86C4-F7C056810470}.Release|Any CPU.Build.0 = Debug|Any CPU
		{A68F2FA6-5C8C-4235-86C4-F7C056810470}.Release|ARM.ActiveCfg = Release|Any CPU
		{A68F2FA6-5C8C-4235-86C4-F7C056810470}.Release|ARM.Build.0 = Release|Any CPU
		{A68F2FA6-5C8C-4235-86C4-F7C056810470}.Release|ARM64.ActiveCfg = Release|Any CPU
		{A68F2FA6-5C8C-4235-86C4-F7C056810470}.Release|ARM64.Build.0 = Release|Any CPU
		{A68F2FA6-5C8C-4235-86C4-F7C056810470}.Release|x64.ActiveCfg = Release|Any CPU
		{A68F2FA6-5C8C-4235-86C4-F7C056810470}.Release|x64.Build.0 = Release|Any CPU
		{A68F2FA6-5C8C-4235-86C4-F7C056810470}.Release|x86.ActiveCfg = Release|Any CPU
		{A68F2FA6-5C8C-4235-86C4-F7C056810470}.Release|x86.Build.0 = Release|Any CPU
		{84C014FD-4AC8-486B-A6E7-19F6236426F4}.Debug|Any CPU.ActiveCfg = Debug|Any CPU
		{84C014FD-4AC8-486B-A6E7-19F6236426F4}.Debug|Any CPU.Build.0 = Debug|Any CPU
		{84C014FD-4AC8-486B-A6E7-19F6236426F4}.Debug|ARM.ActiveCfg = Debug|Any CPU
		{84C014FD-4AC8-486B-A6E7-19F6236426F4}.Debug|ARM.Build.0 = Debug|Any CPU
		{84C014FD-4AC8-486B-A6E7-19F6236426F4}.Debug|ARM64.ActiveCfg = Debug|Any CPU
		{84C014FD-4AC8-486B-A6E7-19F6236426F4}.Debug|ARM64.Build.0 = Debug|Any CPU
		{84C014FD-4AC8-486B-A6E7-19F6236426F4}.Debug|x64.ActiveCfg = Debug|Any CPU
		{84C014FD-4AC8-486B-A6E7-19F6236426F4}.Debug|x64.Build.0 = Debug|Any CPU
		{84C014FD-4AC8-486B-A6E7-19F6236426F4}.Debug|x86.ActiveCfg = Debug|Any CPU
		{84C014FD-4AC8-486B-A6E7-19F6236426F4}.Debug|x86.Build.0 = Debug|Any CPU
		{84C014FD-4AC8-486B-A6E7-19F6236426F4}.Release|Any CPU.ActiveCfg = Debug|Any CPU
		{84C014FD-4AC8-486B-A6E7-19F6236426F4}.Release|Any CPU.Build.0 = Debug|Any CPU
		{84C014FD-4AC8-486B-A6E7-19F6236426F4}.Release|ARM.ActiveCfg = Release|Any CPU
		{84C014FD-4AC8-486B-A6E7-19F6236426F4}.Release|ARM.Build.0 = Release|Any CPU
		{84C014FD-4AC8-486B-A6E7-19F6236426F4}.Release|ARM64.ActiveCfg = Release|Any CPU
		{84C014FD-4AC8-486B-A6E7-19F6236426F4}.Release|ARM64.Build.0 = Release|Any CPU
		{84C014FD-4AC8-486B-A6E7-19F6236426F4}.Release|x64.ActiveCfg = Release|Any CPU
		{84C014FD-4AC8-486B-A6E7-19F6236426F4}.Release|x64.Build.0 = Release|Any CPU
		{84C014FD-4AC8-486B-A6E7-19F6236426F4}.Release|x86.ActiveCfg = Release|Any CPU
		{84C014FD-4AC8-486B-A6E7-19F6236426F4}.Release|x86.Build.0 = Release|Any CPU
		{6E8AC1E6-CCC6-4554-888C-A9FC96A99470}.Debug|Any CPU.ActiveCfg = Debug|Any CPU
		{6E8AC1E6-CCC6-4554-888C-A9FC96A99470}.Debug|Any CPU.Build.0 = Debug|Any CPU
		{6E8AC1E6-CCC6-4554-888C-A9FC96A99470}.Debug|ARM.ActiveCfg = Debug|Any CPU
		{6E8AC1E6-CCC6-4554-888C-A9FC96A99470}.Debug|ARM.Build.0 = Debug|Any CPU
		{6E8AC1E6-CCC6-4554-888C-A9FC96A99470}.Debug|ARM64.ActiveCfg = Debug|Any CPU
		{6E8AC1E6-CCC6-4554-888C-A9FC96A99470}.Debug|ARM64.Build.0 = Debug|Any CPU
		{6E8AC1E6-CCC6-4554-888C-A9FC96A99470}.Debug|x64.ActiveCfg = Debug|Any CPU
		{6E8AC1E6-CCC6-4554-888C-A9FC96A99470}.Debug|x64.Build.0 = Debug|Any CPU
		{6E8AC1E6-CCC6-4554-888C-A9FC96A99470}.Debug|x86.ActiveCfg = Debug|Any CPU
		{6E8AC1E6-CCC6-4554-888C-A9FC96A99470}.Debug|x86.Build.0 = Debug|Any CPU
		{6E8AC1E6-CCC6-4554-888C-A9FC96A99470}.Release|Any CPU.ActiveCfg = Debug|Any CPU
		{6E8AC1E6-CCC6-4554-888C-A9FC96A99470}.Release|Any CPU.Build.0 = Debug|Any CPU
		{6E8AC1E6-CCC6-4554-888C-A9FC96A99470}.Release|ARM.ActiveCfg = Release|Any CPU
		{6E8AC1E6-CCC6-4554-888C-A9FC96A99470}.Release|ARM.Build.0 = Release|Any CPU
		{6E8AC1E6-CCC6-4554-888C-A9FC96A99470}.Release|ARM64.ActiveCfg = Release|Any CPU
		{6E8AC1E6-CCC6-4554-888C-A9FC96A99470}.Release|ARM64.Build.0 = Release|Any CPU
		{6E8AC1E6-CCC6-4554-888C-A9FC96A99470}.Release|x64.ActiveCfg = Release|Any CPU
		{6E8AC1E6-CCC6-4554-888C-A9FC96A99470}.Release|x64.Build.0 = Release|Any CPU
		{6E8AC1E6-CCC6-4554-888C-A9FC96A99470}.Release|x86.ActiveCfg = Release|Any CPU
		{6E8AC1E6-CCC6-4554-888C-A9FC96A99470}.Release|x86.Build.0 = Release|Any CPU
		{0CE204B1-F6BB-4D89-A028-E40764A5177A}.Debug|Any CPU.ActiveCfg = Debug|Any CPU
		{0CE204B1-F6BB-4D89-A028-E40764A5177A}.Debug|Any CPU.Build.0 = Debug|Any CPU
		{0CE204B1-F6BB-4D89-A028-E40764A5177A}.Debug|ARM.ActiveCfg = Debug|Any CPU
		{0CE204B1-F6BB-4D89-A028-E40764A5177A}.Debug|ARM.Build.0 = Debug|Any CPU
		{0CE204B1-F6BB-4D89-A028-E40764A5177A}.Debug|ARM64.ActiveCfg = Debug|Any CPU
		{0CE204B1-F6BB-4D89-A028-E40764A5177A}.Debug|ARM64.Build.0 = Debug|Any CPU
		{0CE204B1-F6BB-4D89-A028-E40764A5177A}.Debug|x64.ActiveCfg = Debug|Any CPU
		{0CE204B1-F6BB-4D89-A028-E40764A5177A}.Debug|x64.Build.0 = Debug|Any CPU
		{0CE204B1-F6BB-4D89-A028-E40764A5177A}.Debug|x86.ActiveCfg = Debug|Any CPU
		{0CE204B1-F6BB-4D89-A028-E40764A5177A}.Debug|x86.Build.0 = Debug|Any CPU
		{0CE204B1-F6BB-4D89-A028-E40764A5177A}.Release|Any CPU.ActiveCfg = Debug|Any CPU
		{0CE204B1-F6BB-4D89-A028-E40764A5177A}.Release|Any CPU.Build.0 = Debug|Any CPU
		{0CE204B1-F6BB-4D89-A028-E40764A5177A}.Release|ARM.ActiveCfg = Release|Any CPU
		{0CE204B1-F6BB-4D89-A028-E40764A5177A}.Release|ARM.Build.0 = Release|Any CPU
		{0CE204B1-F6BB-4D89-A028-E40764A5177A}.Release|ARM64.ActiveCfg = Release|Any CPU
		{0CE204B1-F6BB-4D89-A028-E40764A5177A}.Release|ARM64.Build.0 = Release|Any CPU
		{0CE204B1-F6BB-4D89-A028-E40764A5177A}.Release|x64.ActiveCfg = Release|Any CPU
		{0CE204B1-F6BB-4D89-A028-E40764A5177A}.Release|x64.Build.0 = Release|Any CPU
		{0CE204B1-F6BB-4D89-A028-E40764A5177A}.Release|x86.ActiveCfg = Release|Any CPU
		{0CE204B1-F6BB-4D89-A028-E40764A5177A}.Release|x86.Build.0 = Release|Any CPU
		{AF894A14-4C1F-4409-86D7-90D0050D185A}.Debug|Any CPU.ActiveCfg = Debug|Any CPU
		{AF894A14-4C1F-4409-86D7-90D0050D185A}.Debug|Any CPU.Build.0 = Debug|Any CPU
		{AF894A14-4C1F-4409-86D7-90D0050D185A}.Debug|ARM.ActiveCfg = Debug|Any CPU
		{AF894A14-4C1F-4409-86D7-90D0050D185A}.Debug|ARM.Build.0 = Debug|Any CPU
		{AF894A14-4C1F-4409-86D7-90D0050D185A}.Debug|ARM64.ActiveCfg = Debug|Any CPU
		{AF894A14-4C1F-4409-86D7-90D0050D185A}.Debug|ARM64.Build.0 = Debug|Any CPU
		{AF894A14-4C1F-4409-86D7-90D0050D185A}.Debug|x64.ActiveCfg = Debug|Any CPU
		{AF894A14-4C1F-4409-86D7-90D0050D185A}.Debug|x64.Build.0 = Debug|Any CPU
		{AF894A14-4C1F-4409-86D7-90D0050D185A}.Debug|x86.ActiveCfg = Debug|Any CPU
		{AF894A14-4C1F-4409-86D7-90D0050D185A}.Debug|x86.Build.0 = Debug|Any CPU
		{AF894A14-4C1F-4409-86D7-90D0050D185A}.Release|Any CPU.ActiveCfg = Debug|Any CPU
		{AF894A14-4C1F-4409-86D7-90D0050D185A}.Release|Any CPU.Build.0 = Debug|Any CPU
		{AF894A14-4C1F-4409-86D7-90D0050D185A}.Release|ARM.ActiveCfg = Release|Any CPU
		{AF894A14-4C1F-4409-86D7-90D0050D185A}.Release|ARM.Build.0 = Release|Any CPU
		{AF894A14-4C1F-4409-86D7-90D0050D185A}.Release|ARM64.ActiveCfg = Release|Any CPU
		{AF894A14-4C1F-4409-86D7-90D0050D185A}.Release|ARM64.Build.0 = Release|Any CPU
		{AF894A14-4C1F-4409-86D7-90D0050D185A}.Release|x64.ActiveCfg = Release|Any CPU
		{AF894A14-4C1F-4409-86D7-90D0050D185A}.Release|x64.Build.0 = Release|Any CPU
		{AF894A14-4C1F-4409-86D7-90D0050D185A}.Release|x86.ActiveCfg = Release|Any CPU
		{AF894A14-4C1F-4409-86D7-90D0050D185A}.Release|x86.Build.0 = Release|Any CPU
		{C833110E-4824-452C-97FE-26BB11C65239}.Debug|Any CPU.ActiveCfg = Debug|Any CPU
		{C833110E-4824-452C-97FE-26BB11C65239}.Debug|Any CPU.Build.0 = Debug|Any CPU
		{C833110E-4824-452C-97FE-26BB11C65239}.Debug|ARM.ActiveCfg = Debug|Any CPU
		{C833110E-4824-452C-97FE-26BB11C65239}.Debug|ARM.Build.0 = Debug|Any CPU
		{C833110E-4824-452C-97FE-26BB11C65239}.Debug|ARM64.ActiveCfg = Debug|Any CPU
		{C833110E-4824-452C-97FE-26BB11C65239}.Debug|ARM64.Build.0 = Debug|Any CPU
		{C833110E-4824-452C-97FE-26BB11C65239}.Debug|x64.ActiveCfg = Debug|Any CPU
		{C833110E-4824-452C-97FE-26BB11C65239}.Debug|x64.Build.0 = Debug|Any CPU
		{C833110E-4824-452C-97FE-26BB11C65239}.Debug|x86.ActiveCfg = Debug|Any CPU
		{C833110E-4824-452C-97FE-26BB11C65239}.Debug|x86.Build.0 = Debug|Any CPU
		{C833110E-4824-452C-97FE-26BB11C65239}.Release|Any CPU.ActiveCfg = Debug|Any CPU
		{C833110E-4824-452C-97FE-26BB11C65239}.Release|Any CPU.Build.0 = Debug|Any CPU
		{C833110E-4824-452C-97FE-26BB11C65239}.Release|ARM.ActiveCfg = Release|Any CPU
		{C833110E-4824-452C-97FE-26BB11C65239}.Release|ARM.Build.0 = Release|Any CPU
		{C833110E-4824-452C-97FE-26BB11C65239}.Release|ARM64.ActiveCfg = Release|Any CPU
		{C833110E-4824-452C-97FE-26BB11C65239}.Release|ARM64.Build.0 = Release|Any CPU
		{C833110E-4824-452C-97FE-26BB11C65239}.Release|x64.ActiveCfg = Release|Any CPU
		{C833110E-4824-452C-97FE-26BB11C65239}.Release|x64.Build.0 = Release|Any CPU
		{C833110E-4824-452C-97FE-26BB11C65239}.Release|x86.ActiveCfg = Release|Any CPU
		{C833110E-4824-452C-97FE-26BB11C65239}.Release|x86.Build.0 = Release|Any CPU
		{0FDDACAD-1187-4AFC-A63C-58DB038986FE}.Debug|Any CPU.ActiveCfg = Debug|Any CPU
		{0FDDACAD-1187-4AFC-A63C-58DB038986FE}.Debug|Any CPU.Build.0 = Debug|Any CPU
		{0FDDACAD-1187-4AFC-A63C-58DB038986FE}.Debug|ARM.ActiveCfg = Debug|Any CPU
		{0FDDACAD-1187-4AFC-A63C-58DB038986FE}.Debug|ARM.Build.0 = Debug|Any CPU
		{0FDDACAD-1187-4AFC-A63C-58DB038986FE}.Debug|ARM64.ActiveCfg = Debug|Any CPU
		{0FDDACAD-1187-4AFC-A63C-58DB038986FE}.Debug|ARM64.Build.0 = Debug|Any CPU
		{0FDDACAD-1187-4AFC-A63C-58DB038986FE}.Debug|x64.ActiveCfg = Debug|Any CPU
		{0FDDACAD-1187-4AFC-A63C-58DB038986FE}.Debug|x64.Build.0 = Debug|Any CPU
		{0FDDACAD-1187-4AFC-A63C-58DB038986FE}.Debug|x86.ActiveCfg = Debug|Any CPU
		{0FDDACAD-1187-4AFC-A63C-58DB038986FE}.Debug|x86.Build.0 = Debug|Any CPU
		{0FDDACAD-1187-4AFC-A63C-58DB038986FE}.Release|Any CPU.ActiveCfg = Debug|Any CPU
		{0FDDACAD-1187-4AFC-A63C-58DB038986FE}.Release|Any CPU.Build.0 = Debug|Any CPU
		{0FDDACAD-1187-4AFC-A63C-58DB038986FE}.Release|ARM.ActiveCfg = Release|Any CPU
		{0FDDACAD-1187-4AFC-A63C-58DB038986FE}.Release|ARM.Build.0 = Release|Any CPU
		{0FDDACAD-1187-4AFC-A63C-58DB038986FE}.Release|ARM64.ActiveCfg = Release|Any CPU
		{0FDDACAD-1187-4AFC-A63C-58DB038986FE}.Release|ARM64.Build.0 = Release|Any CPU
		{0FDDACAD-1187-4AFC-A63C-58DB038986FE}.Release|x64.ActiveCfg = Release|Any CPU
		{0FDDACAD-1187-4AFC-A63C-58DB038986FE}.Release|x64.Build.0 = Release|Any CPU
		{0FDDACAD-1187-4AFC-A63C-58DB038986FE}.Release|x86.ActiveCfg = Release|Any CPU
		{0FDDACAD-1187-4AFC-A63C-58DB038986FE}.Release|x86.Build.0 = Release|Any CPU
	EndGlobalSection
	GlobalSection(SolutionProperties) = preSolution
		HideSolutionNode = FALSE
	EndGlobalSection
	GlobalSection(NestedProjects) = preSolution
		{A68F2FA6-5C8C-4235-86C4-F7C056810470} = {BD8467B5-F571-43A1-8A57-EE2E515F20EA}
		{84C014FD-4AC8-486B-A6E7-19F6236426F4} = {BD8467B5-F571-43A1-8A57-EE2E515F20EA}
		{6E8AC1E6-CCC6-4554-888C-A9FC96A99470} = {BD8467B5-F571-43A1-8A57-EE2E515F20EA}
	EndGlobalSection
	GlobalSection(ExtensibilityGlobals) = postSolution
		SolutionGuid = {81D477EE-BC96-4552-A364-AFDBD917ABDB}
	EndGlobalSection
EndGlobal
